
Microsoft Visual Studio Solution File, Format Version 12.00
# Visual Studio Version 17
VisualStudioVersion = 17.3.32922.545
MinimumVisualStudioVersion = 10.0.40219.1
Project("{9A19103F-16F7-4668-BE54-9A1E7A4F7556}") = "Paradigm.WindowsAppSDK.ViewModels", "Paradigm.WindowsAppSDK.ViewModels\Paradigm.WindowsAppSDK.ViewModels.csproj", "{8900F4F1-09AF-4166-A878-13135F2F308F}"
EndProject
Project("{2150E333-8FDC-42A3-9474-1A3956D46DE8}") = "00.Services", "00.Services", "{F6F36C4F-3199-4790-9EE1-3D74D3DCC1FD}"
EndProject
Project("{2150E333-8FDC-42A3-9474-1A3956D46DE8}") = "01.MVVM", "01.MVVM", "{6AEE80FA-A273-4361-8A4F-CD0AF3A6AD5F}"
EndProject
Project("{9A19103F-16F7-4668-BE54-9A1E7A4F7556}") = "Paradigm.WindowsAppSDK.Services.MessageBus", "Paradigm.WindowsAppSDK.Services.MessageBus\Paradigm.WindowsAppSDK.Services.MessageBus.csproj", "{73818BC5-E9ED-422D-AF72-DA30C83927E7}"
EndProject
Project("{9A19103F-16F7-4668-BE54-9A1E7A4F7556}") = "Paradigm.WindowsAppSDK.Services.Localization", "Paradigm.WindowsAppSDK.Services.Localization\Paradigm.WindowsAppSDK.Services.Localization.csproj", "{CDA0FA2D-8A04-45CD-8C4F-C8871F3C912F}"
EndProject
Project("{9A19103F-16F7-4668-BE54-9A1E7A4F7556}") = "Paradigm.WindowsAppSDK.Services.Interfaces", "Paradigm.WindowsAppSDK.Interfaces\Paradigm.WindowsAppSDK.Services.Interfaces.csproj", "{5E231022-A449-495C-917A-073FF9578FB5}"
EndProject
Project("{9A19103F-16F7-4668-BE54-9A1E7A4F7556}") = "Paradigm.WindowsAppSDK.Services.LegacyConfiguration", "Paradigm.WindowsAppSDK.Services.LegacyConfiguration\Paradigm.WindowsAppSDK.Services.LegacyConfiguration.csproj", "{771370BE-334C-4FF3-8370-134CF348949F}"
EndProject
Project("{9A19103F-16F7-4668-BE54-9A1E7A4F7556}") = "Paradigm.WindowsAppSDK.Services.Logging", "Paradigm.WindowsAppSDK.Services.Logging\Paradigm.WindowsAppSDK.Services.Logging.csproj", "{DA6E7688-3F66-495E-A535-5BC5A2AD7D32}"
EndProject
Project("{9A19103F-16F7-4668-BE54-9A1E7A4F7556}") = "Paradigm.WindowsAppSDK.Services.Telemetry", "Paradigm.WindowsAppSDK.Services.Telemetry\Paradigm.WindowsAppSDK.Services.Telemetry.csproj", "{B68B5461-653A-41D9-9FDE-999F54B342A1}"
EndProject
Project("{9A19103F-16F7-4668-BE54-9A1E7A4F7556}") = "Paradigm.WindowsAppSDK.Services.Navigation", "Paradigm.WindowsAppSDK.Services.Navigation\Paradigm.WindowsAppSDK.Services.Navigation.csproj", "{4C075CED-2DA8-4AE8-8CB7-2919E8DA81CC}"
EndProject
Project("{FAE04EC0-301F-11D3-BF4B-00C04F79EFBC}") = "Paradigm.WindowsAppSDK.Services.FileStorage", "Paradigm.WindowsAppSDK.Services.FileStorage\Paradigm.WindowsAppSDK.Services.FileStorage.csproj", "{7E622D48-E6C6-4D91-B001-A9ECE72B29DD}"
EndProject
Global
	GlobalSection(SolutionConfigurationPlatforms) = preSolution
		Debug|Any CPU = Debug|Any CPU
		Release|Any CPU = Release|Any CPU
	EndGlobalSection
	GlobalSection(ProjectConfigurationPlatforms) = postSolution
		{8900F4F1-09AF-4166-A878-13135F2F308F}.Debug|Any CPU.ActiveCfg = Debug|Any CPU
		{8900F4F1-09AF-4166-A878-13135F2F308F}.Debug|Any CPU.Build.0 = Debug|Any CPU
		{8900F4F1-09AF-4166-A878-13135F2F308F}.Release|Any CPU.ActiveCfg = Release|Any CPU
		{8900F4F1-09AF-4166-A878-13135F2F308F}.Release|Any CPU.Build.0 = Release|Any CPU
		{73818BC5-E9ED-422D-AF72-DA30C83927E7}.Debug|Any CPU.ActiveCfg = Debug|Any CPU
		{73818BC5-E9ED-422D-AF72-DA30C83927E7}.Debug|Any CPU.Build.0 = Debug|Any CPU
		{73818BC5-E9ED-422D-AF72-DA30C83927E7}.Release|Any CPU.ActiveCfg = Release|Any CPU
		{73818BC5-E9ED-422D-AF72-DA30C83927E7}.Release|Any CPU.Build.0 = Release|Any CPU
		{CDA0FA2D-8A04-45CD-8C4F-C8871F3C912F}.Debug|Any CPU.ActiveCfg = Debug|Any CPU
		{CDA0FA2D-8A04-45CD-8C4F-C8871F3C912F}.Debug|Any CPU.Build.0 = Debug|Any CPU
		{CDA0FA2D-8A04-45CD-8C4F-C8871F3C912F}.Release|Any CPU.ActiveCfg = Release|Any CPU
		{CDA0FA2D-8A04-45CD-8C4F-C8871F3C912F}.Release|Any CPU.Build.0 = Release|Any CPU
		{5E231022-A449-495C-917A-073FF9578FB5}.Debug|Any CPU.ActiveCfg = Debug|Any CPU
		{5E231022-A449-495C-917A-073FF9578FB5}.Debug|Any CPU.Build.0 = Debug|Any CPU
		{5E231022-A449-495C-917A-073FF9578FB5}.Release|Any CPU.ActiveCfg = Release|Any CPU
		{5E231022-A449-495C-917A-073FF9578FB5}.Release|Any CPU.Build.0 = Release|Any CPU
		{771370BE-334C-4FF3-8370-134CF348949F}.Debug|Any CPU.ActiveCfg = Debug|Any CPU
		{771370BE-334C-4FF3-8370-134CF348949F}.Debug|Any CPU.Build.0 = Debug|Any CPU
		{771370BE-334C-4FF3-8370-134CF348949F}.Release|Any CPU.ActiveCfg = Release|Any CPU
		{771370BE-334C-4FF3-8370-134CF348949F}.Release|Any CPU.Build.0 = Release|Any CPU
		{DA6E7688-3F66-495E-A535-5BC5A2AD7D32}.Debug|Any CPU.ActiveCfg = Debug|Any CPU
		{DA6E7688-3F66-495E-A535-5BC5A2AD7D32}.Debug|Any CPU.Build.0 = Debug|Any CPU
		{DA6E7688-3F66-495E-A535-5BC5A2AD7D32}.Release|Any CPU.ActiveCfg = Release|Any CPU
		{DA6E7688-3F66-495E-A535-5BC5A2AD7D32}.Release|Any CPU.Build.0 = Release|Any CPU
		{B68B5461-653A-41D9-9FDE-999F54B342A1}.Debug|Any CPU.ActiveCfg = Debug|Any CPU
		{B68B5461-653A-41D9-9FDE-999F54B342A1}.Debug|Any CPU.Build.0 = Debug|Any CPU
		{B68B5461-653A-41D9-9FDE-999F54B342A1}.Release|Any CPU.ActiveCfg = Release|Any CPU
		{B68B5461-653A-41D9-9FDE-999F54B342A1}.Release|Any CPU.Build.0 = Release|Any CPU
		{4C075CED-2DA8-4AE8-8CB7-2919E8DA81CC}.Debug|Any CPU.ActiveCfg = Debug|Any CPU
		{4C075CED-2DA8-4AE8-8CB7-2919E8DA81CC}.Debug|Any CPU.Build.0 = Debug|Any CPU
		{4C075CED-2DA8-4AE8-8CB7-2919E8DA81CC}.Release|Any CPU.ActiveCfg = Release|Any CPU
		{4C075CED-2DA8-4AE8-8CB7-2919E8DA81CC}.Release|Any CPU.Build.0 = Release|Any CPU
		{7E622D48-E6C6-4D91-B001-A9ECE72B29DD}.Debug|Any CPU.ActiveCfg = Debug|Any CPU
		{7E622D48-E6C6-4D91-B001-A9ECE72B29DD}.Debug|Any CPU.Build.0 = Debug|Any CPU
		{7E622D48-E6C6-4D91-B001-A9ECE72B29DD}.Release|Any CPU.ActiveCfg = Release|Any CPU
		{7E622D48-E6C6-4D91-B001-A9ECE72B29DD}.Release|Any CPU.Build.0 = Release|Any CPU
	EndGlobalSection
	GlobalSection(SolutionProperties) = preSolution
		HideSolutionNode = FALSE
	EndGlobalSection
	GlobalSection(NestedProjects) = preSolution
		{8900F4F1-09AF-4166-A878-13135F2F308F} = {6AEE80FA-A273-4361-8A4F-CD0AF3A6AD5F}
		{73818BC5-E9ED-422D-AF72-DA30C83927E7} = {F6F36C4F-3199-4790-9EE1-3D74D3DCC1FD}
		{CDA0FA2D-8A04-45CD-8C4F-C8871F3C912F} = {F6F36C4F-3199-4790-9EE1-3D74D3DCC1FD}
		{5E231022-A449-495C-917A-073FF9578FB5} = {F6F36C4F-3199-4790-9EE1-3D74D3DCC1FD}
		{771370BE-334C-4FF3-8370-134CF348949F} = {F6F36C4F-3199-4790-9EE1-3D74D3DCC1FD}
		{DA6E7688-3F66-495E-A535-5BC5A2AD7D32} = {F6F36C4F-3199-4790-9EE1-3D74D3DCC1FD}
		{B68B5461-653A-41D9-9FDE-999F54B342A1} = {F6F36C4F-3199-4790-9EE1-3D74D3DCC1FD}
		{4C075CED-2DA8-4AE8-8CB7-2919E8DA81CC} = {F6F36C4F-3199-4790-9EE1-3D74D3DCC1FD}
		{7E622D48-E6C6-4D91-B001-A9ECE72B29DD} = {F6F36C4F-3199-4790-9EE1-3D74D3DCC1FD}
	EndGlobalSection
	GlobalSection(ExtensibilityGlobals) = postSolution
		SolutionGuid = {E838D54E-7F9D-446F-9651-F3AF09A8EC84}
	EndGlobalSection
EndGlobal
