
Microsoft Visual Studio Solution File, Format Version 12.00
# Visual Studio Version 17
VisualStudioVersion = 17.3.32922.545
MinimumVisualStudioVersion = 10.0.40219.1
Project("{2150E333-8FDC-42A3-9474-1A3956D46DE8}") = "00.Services", "00.Services", "{F6F36C4F-3199-4790-9EE1-3D74D3DCC1FD}"
EndProject
Project("{2150E333-8FDC-42A3-9474-1A3956D46DE8}") = "01.MVVM", "01.MVVM", "{6AEE80FA-A273-4361-8A4F-CD0AF3A6AD5F}"
EndProject
Project("{9A19103F-16F7-4668-BE54-9A1E7A4F7556}") = "Paradigm.WindowsAppSDK.Services.MessageBus", "Paradigm.WindowsAppSDK.Services.MessageBus\Paradigm.WindowsAppSDK.Services.MessageBus.csproj", "{73818BC5-E9ED-422D-AF72-DA30C83927E7}"
EndProject
Project("{9A19103F-16F7-4668-BE54-9A1E7A4F7556}") = "Paradigm.WindowsAppSDK.Services.Localization", "Paradigm.WindowsAppSDK.Services.Localization\Paradigm.WindowsAppSDK.Services.Localization.csproj", "{CDA0FA2D-8A04-45CD-8C4F-C8871F3C912F}"
EndProject
Project("{9A19103F-16F7-4668-BE54-9A1E7A4F7556}") = "Paradigm.WindowsAppSDK.Services.Interfaces", "Paradigm.WindowsAppSDK.Interfaces\Paradigm.WindowsAppSDK.Services.Interfaces.csproj", "{5E231022-A449-495C-917A-073FF9578FB5}"
EndProject
Project("{9A19103F-16F7-4668-BE54-9A1E7A4F7556}") = "Paradigm.WindowsAppSDK.Services.Configuration", "Paradigm.WindowsAppSDK.Services.Configuration\Paradigm.WindowsAppSDK.Services.Configuration.csproj", "{771370BE-334C-4FF3-8370-134CF348949F}"
EndProject
Project("{9A19103F-16F7-4668-BE54-9A1E7A4F7556}") = "Paradigm.WindowsAppSDK.Services.Telemetry", "Paradigm.WindowsAppSDK.Services.Telemetry\Paradigm.WindowsAppSDK.Services.Telemetry.csproj", "{B68B5461-653A-41D9-9FDE-999F54B342A1}"
EndProject
Project("{9A19103F-16F7-4668-BE54-9A1E7A4F7556}") = "Paradigm.WindowsAppSDK.Services.Logging", "Paradigm.WindowsAppSDK.Services.Logging\Paradigm.WindowsAppSDK.Services.Logging.csproj", "{831FCA62-2F59-4BC1-AAE4-936740F68EB6}"
EndProject
Project("{2150E333-8FDC-42A3-9474-1A3956D46DE8}") = "03.Samples", "03.Samples", "{D6BF0F1F-36C2-4282-8541-08854CD0E53A}"
EndProject
Project("{9A19103F-16F7-4668-BE54-9A1E7A4F7556}") = "Paradigm.WindowsAppSDK.SampleApp", "Paradigm.WindowsAppSDK.SampleApp\Paradigm.WindowsAppSDK.SampleApp.csproj", "{BD83BBA8-8EAD-42BE-8E90-B2AE10403E0D}"
EndProject
Project("{9A19103F-16F7-4668-BE54-9A1E7A4F7556}") = "Paradigm.WindowsAppSDK.Services.ApplicationInformation", "Paradigm.WindowsAppSDK.Services.ApplicationInformation\Paradigm.WindowsAppSDK.Services.ApplicationInformation.csproj", "{E19CA44F-CDD5-4B5E-89DA-2E1D24B32A82}"
EndProject
Project("{9A19103F-16F7-4668-BE54-9A1E7A4F7556}") = "Paradigm.WindowsAppSDK.Services.LocalSettings", "Paradigm.WindowsAppSDK.Services.LocalSettings\Paradigm.WindowsAppSDK.Services.LocalSettings.csproj", "{A66025F0-D11B-49ED-A90C-86581C9C8D75}"
EndProject
Project("{9A19103F-16F7-4668-BE54-9A1E7A4F7556}") = "Paradigm.WindowsAppSDK.ViewModels", "Paradigm.WindowsAppSDK.ViewModels\Paradigm.WindowsAppSDK.ViewModels.csproj", "{632A5430-3B88-488F-A7A5-3E5AB2711BCF}"
EndProject
Project("{2150E333-8FDC-42A3-9474-1A3956D46DE8}") = "02.Tests", "02.Tests", "{A8089082-E2E2-473E-BE3D-5EF6043C7210}"
EndProject
Project("{9A19103F-16F7-4668-BE54-9A1E7A4F7556}") = "Paradigm.WindowsAppSDK.Services.Tests", "Paradigm.WindowsAppSDK.Services.Tests\Paradigm.WindowsAppSDK.Services.Tests.csproj", "{6ED42442-C3B6-455A-A1D1-1FE81E76320B}"
EndProject
Project("{9A19103F-16F7-4668-BE54-9A1E7A4F7556}") = "Paradigm.WindowsAppSDK.Services.FileStorage", "Paradigm.WindowsAppSDK.Services.FileStorage\Paradigm.WindowsAppSDK.Services.FileStorage.csproj", "{2C11CD97-245B-4887-AC77-C81248720BAF}"
EndProject
Project("{9A19103F-16F7-4668-BE54-9A1E7A4F7556}") = "Paradigm.WindowsAppSDK.Xaml", "Paradigm.WindowsAppSDK.Xaml\Paradigm.WindowsAppSDK.Xaml.csproj", "{95B841FD-4E4B-473B-8B59-2B0268D55612}"
EndProject
Project("{9A19103F-16F7-4668-BE54-9A1E7A4F7556}") = "Paradigm.WindowsAppSDK.Services.Navigation", "Paradigm.WindowsAppSDK.Services.Navigation\Paradigm.WindowsAppSDK.Services.Navigation.csproj", "{02AEC674-0F79-4C8F-A2E8-A5CF7FD8AD48}"
EndProject
Project("{9A19103F-16F7-4668-BE54-9A1E7A4F7556}") = "Paradigm.WindowsAppSDK.Services.Dialog", "Paradigm.WindowsAppSDK.Services.Dialog\Paradigm.WindowsAppSDK.Services.Dialog.csproj", "{1662E8A7-4E21-4DF5-B13B-F1F1964DE8AB}"
EndProject
Project("{2150E333-8FDC-42A3-9474-1A3956D46DE8}") = "Solution Items", "Solution Items", "{E4874D8B-DB5E-4A6C-ABC6-539A0FD13758}"
	ProjectSection(SolutionItems) = preProject
		.editorconfig = .editorconfig
	EndProjectSection
EndProject
Global
	GlobalSection(SolutionConfigurationPlatforms) = preSolution
		Debug|Any CPU = Debug|Any CPU
		Debug|arm64 = Debug|arm64
		Debug|x64 = Debug|x64
		Debug|x86 = Debug|x86
		Release|Any CPU = Release|Any CPU
		Release|arm64 = Release|arm64
		Release|x64 = Release|x64
		Release|x86 = Release|x86
	EndGlobalSection
	GlobalSection(ProjectConfigurationPlatforms) = postSolution
		{73818BC5-E9ED-422D-AF72-DA30C83927E7}.Debug|Any CPU.ActiveCfg = Debug|Any CPU
		{73818BC5-E9ED-422D-AF72-DA30C83927E7}.Debug|Any CPU.Build.0 = Debug|Any CPU
		{73818BC5-E9ED-422D-AF72-DA30C83927E7}.Debug|arm64.ActiveCfg = Debug|Any CPU
		{73818BC5-E9ED-422D-AF72-DA30C83927E7}.Debug|arm64.Build.0 = Debug|Any CPU
		{73818BC5-E9ED-422D-AF72-DA30C83927E7}.Debug|x64.ActiveCfg = Debug|Any CPU
		{73818BC5-E9ED-422D-AF72-DA30C83927E7}.Debug|x64.Build.0 = Debug|Any CPU
		{73818BC5-E9ED-422D-AF72-DA30C83927E7}.Debug|x86.ActiveCfg = Debug|Any CPU
		{73818BC5-E9ED-422D-AF72-DA30C83927E7}.Debug|x86.Build.0 = Debug|Any CPU
		{73818BC5-E9ED-422D-AF72-DA30C83927E7}.Release|Any CPU.ActiveCfg = Release|Any CPU
		{73818BC5-E9ED-422D-AF72-DA30C83927E7}.Release|Any CPU.Build.0 = Release|Any CPU
		{73818BC5-E9ED-422D-AF72-DA30C83927E7}.Release|arm64.ActiveCfg = Release|Any CPU
		{73818BC5-E9ED-422D-AF72-DA30C83927E7}.Release|arm64.Build.0 = Release|Any CPU
		{73818BC5-E9ED-422D-AF72-DA30C83927E7}.Release|x64.ActiveCfg = Release|Any CPU
		{73818BC5-E9ED-422D-AF72-DA30C83927E7}.Release|x64.Build.0 = Release|Any CPU
		{73818BC5-E9ED-422D-AF72-DA30C83927E7}.Release|x86.ActiveCfg = Release|Any CPU
		{73818BC5-E9ED-422D-AF72-DA30C83927E7}.Release|x86.Build.0 = Release|Any CPU
		{CDA0FA2D-8A04-45CD-8C4F-C8871F3C912F}.Debug|Any CPU.ActiveCfg = Debug|Any CPU
		{CDA0FA2D-8A04-45CD-8C4F-C8871F3C912F}.Debug|Any CPU.Build.0 = Debug|Any CPU
		{CDA0FA2D-8A04-45CD-8C4F-C8871F3C912F}.Debug|arm64.ActiveCfg = Debug|Any CPU
		{CDA0FA2D-8A04-45CD-8C4F-C8871F3C912F}.Debug|arm64.Build.0 = Debug|Any CPU
		{CDA0FA2D-8A04-45CD-8C4F-C8871F3C912F}.Debug|x64.ActiveCfg = Debug|Any CPU
		{CDA0FA2D-8A04-45CD-8C4F-C8871F3C912F}.Debug|x64.Build.0 = Debug|Any CPU
		{CDA0FA2D-8A04-45CD-8C4F-C8871F3C912F}.Debug|x86.ActiveCfg = Debug|Any CPU
		{CDA0FA2D-8A04-45CD-8C4F-C8871F3C912F}.Debug|x86.Build.0 = Debug|Any CPU
		{CDA0FA2D-8A04-45CD-8C4F-C8871F3C912F}.Release|Any CPU.ActiveCfg = Release|Any CPU
		{CDA0FA2D-8A04-45CD-8C4F-C8871F3C912F}.Release|Any CPU.Build.0 = Release|Any CPU
		{CDA0FA2D-8A04-45CD-8C4F-C8871F3C912F}.Release|arm64.ActiveCfg = Release|Any CPU
		{CDA0FA2D-8A04-45CD-8C4F-C8871F3C912F}.Release|arm64.Build.0 = Release|Any CPU
		{CDA0FA2D-8A04-45CD-8C4F-C8871F3C912F}.Release|x64.ActiveCfg = Release|Any CPU
		{CDA0FA2D-8A04-45CD-8C4F-C8871F3C912F}.Release|x64.Build.0 = Release|Any CPU
		{CDA0FA2D-8A04-45CD-8C4F-C8871F3C912F}.Release|x86.ActiveCfg = Release|Any CPU
		{CDA0FA2D-8A04-45CD-8C4F-C8871F3C912F}.Release|x86.Build.0 = Release|Any CPU
		{5E231022-A449-495C-917A-073FF9578FB5}.Debug|Any CPU.ActiveCfg = Debug|Any CPU
		{5E231022-A449-495C-917A-073FF9578FB5}.Debug|Any CPU.Build.0 = Debug|Any CPU
		{5E231022-A449-495C-917A-073FF9578FB5}.Debug|arm64.ActiveCfg = Debug|Any CPU
		{5E231022-A449-495C-917A-073FF9578FB5}.Debug|arm64.Build.0 = Debug|Any CPU
		{5E231022-A449-495C-917A-073FF9578FB5}.Debug|x64.ActiveCfg = Debug|Any CPU
		{5E231022-A449-495C-917A-073FF9578FB5}.Debug|x64.Build.0 = Debug|Any CPU
		{5E231022-A449-495C-917A-073FF9578FB5}.Debug|x86.ActiveCfg = Debug|Any CPU
		{5E231022-A449-495C-917A-073FF9578FB5}.Debug|x86.Build.0 = Debug|Any CPU
		{5E231022-A449-495C-917A-073FF9578FB5}.Release|Any CPU.ActiveCfg = Release|Any CPU
		{5E231022-A449-495C-917A-073FF9578FB5}.Release|Any CPU.Build.0 = Release|Any CPU
		{5E231022-A449-495C-917A-073FF9578FB5}.Release|arm64.ActiveCfg = Release|Any CPU
		{5E231022-A449-495C-917A-073FF9578FB5}.Release|arm64.Build.0 = Release|Any CPU
		{5E231022-A449-495C-917A-073FF9578FB5}.Release|x64.ActiveCfg = Release|Any CPU
		{5E231022-A449-495C-917A-073FF9578FB5}.Release|x64.Build.0 = Release|Any CPU
		{5E231022-A449-495C-917A-073FF9578FB5}.Release|x86.ActiveCfg = Release|Any CPU
		{5E231022-A449-495C-917A-073FF9578FB5}.Release|x86.Build.0 = Release|Any CPU
		{771370BE-334C-4FF3-8370-134CF348949F}.Debug|Any CPU.ActiveCfg = Debug|Any CPU
		{771370BE-334C-4FF3-8370-134CF348949F}.Debug|Any CPU.Build.0 = Debug|Any CPU
		{771370BE-334C-4FF3-8370-134CF348949F}.Debug|arm64.ActiveCfg = Debug|Any CPU
		{771370BE-334C-4FF3-8370-134CF348949F}.Debug|arm64.Build.0 = Debug|Any CPU
		{771370BE-334C-4FF3-8370-134CF348949F}.Debug|x64.ActiveCfg = Debug|Any CPU
		{771370BE-334C-4FF3-8370-134CF348949F}.Debug|x64.Build.0 = Debug|Any CPU
		{771370BE-334C-4FF3-8370-134CF348949F}.Debug|x86.ActiveCfg = Debug|Any CPU
		{771370BE-334C-4FF3-8370-134CF348949F}.Debug|x86.Build.0 = Debug|Any CPU
		{771370BE-334C-4FF3-8370-134CF348949F}.Release|Any CPU.ActiveCfg = Release|Any CPU
		{771370BE-334C-4FF3-8370-134CF348949F}.Release|Any CPU.Build.0 = Release|Any CPU
		{771370BE-334C-4FF3-8370-134CF348949F}.Release|arm64.ActiveCfg = Release|Any CPU
		{771370BE-334C-4FF3-8370-134CF348949F}.Release|arm64.Build.0 = Release|Any CPU
		{771370BE-334C-4FF3-8370-134CF348949F}.Release|x64.ActiveCfg = Release|Any CPU
		{771370BE-334C-4FF3-8370-134CF348949F}.Release|x64.Build.0 = Release|Any CPU
		{771370BE-334C-4FF3-8370-134CF348949F}.Release|x86.ActiveCfg = Release|Any CPU
		{771370BE-334C-4FF3-8370-134CF348949F}.Release|x86.Build.0 = Release|Any CPU
		{B68B5461-653A-41D9-9FDE-999F54B342A1}.Debug|Any CPU.ActiveCfg = Debug|Any CPU
		{B68B5461-653A-41D9-9FDE-999F54B342A1}.Debug|Any CPU.Build.0 = Debug|Any CPU
		{B68B5461-653A-41D9-9FDE-999F54B342A1}.Debug|arm64.ActiveCfg = Debug|Any CPU
		{B68B5461-653A-41D9-9FDE-999F54B342A1}.Debug|arm64.Build.0 = Debug|Any CPU
		{B68B5461-653A-41D9-9FDE-999F54B342A1}.Debug|x64.ActiveCfg = Debug|Any CPU
		{B68B5461-653A-41D9-9FDE-999F54B342A1}.Debug|x64.Build.0 = Debug|Any CPU
		{B68B5461-653A-41D9-9FDE-999F54B342A1}.Debug|x86.ActiveCfg = Debug|Any CPU
		{B68B5461-653A-41D9-9FDE-999F54B342A1}.Debug|x86.Build.0 = Debug|Any CPU
		{B68B5461-653A-41D9-9FDE-999F54B342A1}.Release|Any CPU.ActiveCfg = Release|Any CPU
		{B68B5461-653A-41D9-9FDE-999F54B342A1}.Release|Any CPU.Build.0 = Release|Any CPU
		{B68B5461-653A-41D9-9FDE-999F54B342A1}.Release|arm64.ActiveCfg = Release|Any CPU
		{B68B5461-653A-41D9-9FDE-999F54B342A1}.Release|arm64.Build.0 = Release|Any CPU
		{B68B5461-653A-41D9-9FDE-999F54B342A1}.Release|x64.ActiveCfg = Release|Any CPU
		{B68B5461-653A-41D9-9FDE-999F54B342A1}.Release|x64.Build.0 = Release|Any CPU
		{B68B5461-653A-41D9-9FDE-999F54B342A1}.Release|x86.ActiveCfg = Release|Any CPU
		{B68B5461-653A-41D9-9FDE-999F54B342A1}.Release|x86.Build.0 = Release|Any CPU
		{831FCA62-2F59-4BC1-AAE4-936740F68EB6}.Debug|Any CPU.ActiveCfg = Debug|Any CPU
		{831FCA62-2F59-4BC1-AAE4-936740F68EB6}.Debug|Any CPU.Build.0 = Debug|Any CPU
		{831FCA62-2F59-4BC1-AAE4-936740F68EB6}.Debug|arm64.ActiveCfg = Debug|Any CPU
		{831FCA62-2F59-4BC1-AAE4-936740F68EB6}.Debug|arm64.Build.0 = Debug|Any CPU
		{831FCA62-2F59-4BC1-AAE4-936740F68EB6}.Debug|x64.ActiveCfg = Debug|Any CPU
		{831FCA62-2F59-4BC1-AAE4-936740F68EB6}.Debug|x64.Build.0 = Debug|Any CPU
		{831FCA62-2F59-4BC1-AAE4-936740F68EB6}.Debug|x86.ActiveCfg = Debug|Any CPU
		{831FCA62-2F59-4BC1-AAE4-936740F68EB6}.Debug|x86.Build.0 = Debug|Any CPU
		{831FCA62-2F59-4BC1-AAE4-936740F68EB6}.Release|Any CPU.ActiveCfg = Release|Any CPU
		{831FCA62-2F59-4BC1-AAE4-936740F68EB6}.Release|Any CPU.Build.0 = Release|Any CPU
		{831FCA62-2F59-4BC1-AAE4-936740F68EB6}.Release|arm64.ActiveCfg = Release|Any CPU
		{831FCA62-2F59-4BC1-AAE4-936740F68EB6}.Release|arm64.Build.0 = Release|Any CPU
		{831FCA62-2F59-4BC1-AAE4-936740F68EB6}.Release|x64.ActiveCfg = Release|Any CPU
		{831FCA62-2F59-4BC1-AAE4-936740F68EB6}.Release|x64.Build.0 = Release|Any CPU
		{831FCA62-2F59-4BC1-AAE4-936740F68EB6}.Release|x86.ActiveCfg = Release|Any CPU
		{831FCA62-2F59-4BC1-AAE4-936740F68EB6}.Release|x86.Build.0 = Release|Any CPU
		{BD83BBA8-8EAD-42BE-8E90-B2AE10403E0D}.Debug|Any CPU.ActiveCfg = Debug|x64
		{BD83BBA8-8EAD-42BE-8E90-B2AE10403E0D}.Debug|Any CPU.Build.0 = Debug|x64
		{BD83BBA8-8EAD-42BE-8E90-B2AE10403E0D}.Debug|Any CPU.Deploy.0 = Debug|x64
		{BD83BBA8-8EAD-42BE-8E90-B2AE10403E0D}.Debug|arm64.ActiveCfg = Debug|arm64
		{BD83BBA8-8EAD-42BE-8E90-B2AE10403E0D}.Debug|arm64.Build.0 = Debug|arm64
		{BD83BBA8-8EAD-42BE-8E90-B2AE10403E0D}.Debug|arm64.Deploy.0 = Debug|arm64
		{BD83BBA8-8EAD-42BE-8E90-B2AE10403E0D}.Debug|x64.ActiveCfg = Debug|x64
		{BD83BBA8-8EAD-42BE-8E90-B2AE10403E0D}.Debug|x64.Build.0 = Debug|x64
		{BD83BBA8-8EAD-42BE-8E90-B2AE10403E0D}.Debug|x64.Deploy.0 = Debug|x64
		{BD83BBA8-8EAD-42BE-8E90-B2AE10403E0D}.Debug|x86.ActiveCfg = Debug|x86
		{BD83BBA8-8EAD-42BE-8E90-B2AE10403E0D}.Debug|x86.Build.0 = Debug|x86
		{BD83BBA8-8EAD-42BE-8E90-B2AE10403E0D}.Debug|x86.Deploy.0 = Debug|x86
		{BD83BBA8-8EAD-42BE-8E90-B2AE10403E0D}.Release|Any CPU.ActiveCfg = Release|x64
		{BD83BBA8-8EAD-42BE-8E90-B2AE10403E0D}.Release|Any CPU.Build.0 = Release|x64
		{BD83BBA8-8EAD-42BE-8E90-B2AE10403E0D}.Release|Any CPU.Deploy.0 = Release|x64
		{BD83BBA8-8EAD-42BE-8E90-B2AE10403E0D}.Release|arm64.ActiveCfg = Release|arm64
		{BD83BBA8-8EAD-42BE-8E90-B2AE10403E0D}.Release|arm64.Build.0 = Release|arm64
		{BD83BBA8-8EAD-42BE-8E90-B2AE10403E0D}.Release|arm64.Deploy.0 = Release|arm64
		{BD83BBA8-8EAD-42BE-8E90-B2AE10403E0D}.Release|x64.ActiveCfg = Release|x64
		{BD83BBA8-8EAD-42BE-8E90-B2AE10403E0D}.Release|x64.Build.0 = Release|x64
		{BD83BBA8-8EAD-42BE-8E90-B2AE10403E0D}.Release|x64.Deploy.0 = Release|x64
		{BD83BBA8-8EAD-42BE-8E90-B2AE10403E0D}.Release|x86.ActiveCfg = Release|x86
		{BD83BBA8-8EAD-42BE-8E90-B2AE10403E0D}.Release|x86.Build.0 = Release|x86
		{BD83BBA8-8EAD-42BE-8E90-B2AE10403E0D}.Release|x86.Deploy.0 = Release|x86
		{E19CA44F-CDD5-4B5E-89DA-2E1D24B32A82}.Debug|Any CPU.ActiveCfg = Debug|Any CPU
		{E19CA44F-CDD5-4B5E-89DA-2E1D24B32A82}.Debug|Any CPU.Build.0 = Debug|Any CPU
		{E19CA44F-CDD5-4B5E-89DA-2E1D24B32A82}.Debug|arm64.ActiveCfg = Debug|Any CPU
		{E19CA44F-CDD5-4B5E-89DA-2E1D24B32A82}.Debug|arm64.Build.0 = Debug|Any CPU
		{E19CA44F-CDD5-4B5E-89DA-2E1D24B32A82}.Debug|x64.ActiveCfg = Debug|Any CPU
		{E19CA44F-CDD5-4B5E-89DA-2E1D24B32A82}.Debug|x64.Build.0 = Debug|Any CPU
		{E19CA44F-CDD5-4B5E-89DA-2E1D24B32A82}.Debug|x86.ActiveCfg = Debug|Any CPU
		{E19CA44F-CDD5-4B5E-89DA-2E1D24B32A82}.Debug|x86.Build.0 = Debug|Any CPU
		{E19CA44F-CDD5-4B5E-89DA-2E1D24B32A82}.Release|Any CPU.ActiveCfg = Release|Any CPU
		{E19CA44F-CDD5-4B5E-89DA-2E1D24B32A82}.Release|Any CPU.Build.0 = Release|Any CPU
		{E19CA44F-CDD5-4B5E-89DA-2E1D24B32A82}.Release|arm64.ActiveCfg = Release|Any CPU
		{E19CA44F-CDD5-4B5E-89DA-2E1D24B32A82}.Release|arm64.Build.0 = Release|Any CPU
		{E19CA44F-CDD5-4B5E-89DA-2E1D24B32A82}.Release|x64.ActiveCfg = Release|Any CPU
		{E19CA44F-CDD5-4B5E-89DA-2E1D24B32A82}.Release|x64.Build.0 = Release|Any CPU
		{E19CA44F-CDD5-4B5E-89DA-2E1D24B32A82}.Release|x86.ActiveCfg = Release|Any CPU
		{E19CA44F-CDD5-4B5E-89DA-2E1D24B32A82}.Release|x86.Build.0 = Release|Any CPU
		{A66025F0-D11B-49ED-A90C-86581C9C8D75}.Debug|Any CPU.ActiveCfg = Debug|Any CPU
		{A66025F0-D11B-49ED-A90C-86581C9C8D75}.Debug|Any CPU.Build.0 = Debug|Any CPU
		{A66025F0-D11B-49ED-A90C-86581C9C8D75}.Debug|arm64.ActiveCfg = Debug|Any CPU
		{A66025F0-D11B-49ED-A90C-86581C9C8D75}.Debug|arm64.Build.0 = Debug|Any CPU
		{A66025F0-D11B-49ED-A90C-86581C9C8D75}.Debug|x64.ActiveCfg = Debug|Any CPU
		{A66025F0-D11B-49ED-A90C-86581C9C8D75}.Debug|x64.Build.0 = Debug|Any CPU
		{A66025F0-D11B-49ED-A90C-86581C9C8D75}.Debug|x86.ActiveCfg = Debug|Any CPU
		{A66025F0-D11B-49ED-A90C-86581C9C8D75}.Debug|x86.Build.0 = Debug|Any CPU
		{A66025F0-D11B-49ED-A90C-86581C9C8D75}.Release|Any CPU.ActiveCfg = Release|Any CPU
		{A66025F0-D11B-49ED-A90C-86581C9C8D75}.Release|Any CPU.Build.0 = Release|Any CPU
		{A66025F0-D11B-49ED-A90C-86581C9C8D75}.Release|arm64.ActiveCfg = Release|Any CPU
		{A66025F0-D11B-49ED-A90C-86581C9C8D75}.Release|arm64.Build.0 = Release|Any CPU
		{A66025F0-D11B-49ED-A90C-86581C9C8D75}.Release|x64.ActiveCfg = Release|Any CPU
		{A66025F0-D11B-49ED-A90C-86581C9C8D75}.Release|x64.Build.0 = Release|Any CPU
		{A66025F0-D11B-49ED-A90C-86581C9C8D75}.Release|x86.ActiveCfg = Release|Any CPU
		{A66025F0-D11B-49ED-A90C-86581C9C8D75}.Release|x86.Build.0 = Release|Any CPU
		{632A5430-3B88-488F-A7A5-3E5AB2711BCF}.Debug|Any CPU.ActiveCfg = Debug|Any CPU
		{632A5430-3B88-488F-A7A5-3E5AB2711BCF}.Debug|Any CPU.Build.0 = Debug|Any CPU
		{632A5430-3B88-488F-A7A5-3E5AB2711BCF}.Debug|arm64.ActiveCfg = Debug|Any CPU
		{632A5430-3B88-488F-A7A5-3E5AB2711BCF}.Debug|arm64.Build.0 = Debug|Any CPU
		{632A5430-3B88-488F-A7A5-3E5AB2711BCF}.Debug|x64.ActiveCfg = Debug|Any CPU
		{632A5430-3B88-488F-A7A5-3E5AB2711BCF}.Debug|x64.Build.0 = Debug|Any CPU
		{632A5430-3B88-488F-A7A5-3E5AB2711BCF}.Debug|x86.ActiveCfg = Debug|Any CPU
		{632A5430-3B88-488F-A7A5-3E5AB2711BCF}.Debug|x86.Build.0 = Debug|Any CPU
		{632A5430-3B88-488F-A7A5-3E5AB2711BCF}.Release|Any CPU.ActiveCfg = Release|Any CPU
		{632A5430-3B88-488F-A7A5-3E5AB2711BCF}.Release|Any CPU.Build.0 = Release|Any CPU
		{632A5430-3B88-488F-A7A5-3E5AB2711BCF}.Release|arm64.ActiveCfg = Release|Any CPU
		{632A5430-3B88-488F-A7A5-3E5AB2711BCF}.Release|arm64.Build.0 = Release|Any CPU
		{632A5430-3B88-488F-A7A5-3E5AB2711BCF}.Release|x64.ActiveCfg = Release|Any CPU
		{632A5430-3B88-488F-A7A5-3E5AB2711BCF}.Release|x64.Build.0 = Release|Any CPU
		{632A5430-3B88-488F-A7A5-3E5AB2711BCF}.Release|x86.ActiveCfg = Release|Any CPU
		{632A5430-3B88-488F-A7A5-3E5AB2711BCF}.Release|x86.Build.0 = Release|Any CPU
		{6ED42442-C3B6-455A-A1D1-1FE81E76320B}.Debug|Any CPU.ActiveCfg = Debug|Any CPU
		{6ED42442-C3B6-455A-A1D1-1FE81E76320B}.Debug|Any CPU.Build.0 = Debug|Any CPU
		{6ED42442-C3B6-455A-A1D1-1FE81E76320B}.Debug|arm64.ActiveCfg = Debug|Any CPU
		{6ED42442-C3B6-455A-A1D1-1FE81E76320B}.Debug|arm64.Build.0 = Debug|Any CPU
		{6ED42442-C3B6-455A-A1D1-1FE81E76320B}.Debug|x64.ActiveCfg = Debug|Any CPU
		{6ED42442-C3B6-455A-A1D1-1FE81E76320B}.Debug|x64.Build.0 = Debug|Any CPU
		{6ED42442-C3B6-455A-A1D1-1FE81E76320B}.Debug|x86.ActiveCfg = Debug|Any CPU
		{6ED42442-C3B6-455A-A1D1-1FE81E76320B}.Debug|x86.Build.0 = Debug|Any CPU
		{6ED42442-C3B6-455A-A1D1-1FE81E76320B}.Release|Any CPU.ActiveCfg = Release|Any CPU
		{6ED42442-C3B6-455A-A1D1-1FE81E76320B}.Release|Any CPU.Build.0 = Release|Any CPU
		{6ED42442-C3B6-455A-A1D1-1FE81E76320B}.Release|arm64.ActiveCfg = Release|Any CPU
		{6ED42442-C3B6-455A-A1D1-1FE81E76320B}.Release|arm64.Build.0 = Release|Any CPU
		{6ED42442-C3B6-455A-A1D1-1FE81E76320B}.Release|x64.ActiveCfg = Release|Any CPU
		{6ED42442-C3B6-455A-A1D1-1FE81E76320B}.Release|x64.Build.0 = Release|Any CPU
		{6ED42442-C3B6-455A-A1D1-1FE81E76320B}.Release|x86.ActiveCfg = Release|Any CPU
		{6ED42442-C3B6-455A-A1D1-1FE81E76320B}.Release|x86.Build.0 = Release|Any CPU
		{2C11CD97-245B-4887-AC77-C81248720BAF}.Debug|Any CPU.ActiveCfg = Debug|Any CPU
		{2C11CD97-245B-4887-AC77-C81248720BAF}.Debug|Any CPU.Build.0 = Debug|Any CPU
		{2C11CD97-245B-4887-AC77-C81248720BAF}.Debug|arm64.ActiveCfg = Debug|Any CPU
		{2C11CD97-245B-4887-AC77-C81248720BAF}.Debug|arm64.Build.0 = Debug|Any CPU
		{2C11CD97-245B-4887-AC77-C81248720BAF}.Debug|x64.ActiveCfg = Debug|Any CPU
		{2C11CD97-245B-4887-AC77-C81248720BAF}.Debug|x64.Build.0 = Debug|Any CPU
		{2C11CD97-245B-4887-AC77-C81248720BAF}.Debug|x86.ActiveCfg = Debug|Any CPU
		{2C11CD97-245B-4887-AC77-C81248720BAF}.Debug|x86.Build.0 = Debug|Any CPU
		{2C11CD97-245B-4887-AC77-C81248720BAF}.Release|Any CPU.ActiveCfg = Release|Any CPU
		{2C11CD97-245B-4887-AC77-C81248720BAF}.Release|Any CPU.Build.0 = Release|Any CPU
		{2C11CD97-245B-4887-AC77-C81248720BAF}.Release|arm64.ActiveCfg = Release|Any CPU
		{2C11CD97-245B-4887-AC77-C81248720BAF}.Release|arm64.Build.0 = Release|Any CPU
		{2C11CD97-245B-4887-AC77-C81248720BAF}.Release|x64.ActiveCfg = Release|Any CPU
		{2C11CD97-245B-4887-AC77-C81248720BAF}.Release|x64.Build.0 = Release|Any CPU
		{2C11CD97-245B-4887-AC77-C81248720BAF}.Release|x86.ActiveCfg = Release|Any CPU
		{2C11CD97-245B-4887-AC77-C81248720BAF}.Release|x86.Build.0 = Release|Any CPU
		{95B841FD-4E4B-473B-8B59-2B0268D55612}.Debug|Any CPU.ActiveCfg = Debug|Any CPU
		{95B841FD-4E4B-473B-8B59-2B0268D55612}.Debug|Any CPU.Build.0 = Debug|Any CPU
		{95B841FD-4E4B-473B-8B59-2B0268D55612}.Debug|arm64.ActiveCfg = Debug|Any CPU
		{95B841FD-4E4B-473B-8B59-2B0268D55612}.Debug|arm64.Build.0 = Debug|Any CPU
		{95B841FD-4E4B-473B-8B59-2B0268D55612}.Debug|x64.ActiveCfg = Debug|Any CPU
		{95B841FD-4E4B-473B-8B59-2B0268D55612}.Debug|x64.Build.0 = Debug|Any CPU
		{95B841FD-4E4B-473B-8B59-2B0268D55612}.Debug|x86.ActiveCfg = Debug|Any CPU
		{95B841FD-4E4B-473B-8B59-2B0268D55612}.Debug|x86.Build.0 = Debug|Any CPU
		{95B841FD-4E4B-473B-8B59-2B0268D55612}.Release|Any CPU.ActiveCfg = Release|Any CPU
		{95B841FD-4E4B-473B-8B59-2B0268D55612}.Release|Any CPU.Build.0 = Release|Any CPU
		{95B841FD-4E4B-473B-8B59-2B0268D55612}.Release|arm64.ActiveCfg = Release|Any CPU
		{95B841FD-4E4B-473B-8B59-2B0268D55612}.Release|arm64.Build.0 = Release|Any CPU
		{95B841FD-4E4B-473B-8B59-2B0268D55612}.Release|x64.ActiveCfg = Release|Any CPU
		{95B841FD-4E4B-473B-8B59-2B0268D55612}.Release|x64.Build.0 = Release|Any CPU
		{95B841FD-4E4B-473B-8B59-2B0268D55612}.Release|x86.ActiveCfg = Release|Any CPU
		{95B841FD-4E4B-473B-8B59-2B0268D55612}.Release|x86.Build.0 = Release|Any CPU
		{02AEC674-0F79-4C8F-A2E8-A5CF7FD8AD48}.Debug|Any CPU.ActiveCfg = Debug|Any CPU
		{02AEC674-0F79-4C8F-A2E8-A5CF7FD8AD48}.Debug|Any CPU.Build.0 = Debug|Any CPU
		{02AEC674-0F79-4C8F-A2E8-A5CF7FD8AD48}.Debug|arm64.ActiveCfg = Debug|Any CPU
		{02AEC674-0F79-4C8F-A2E8-A5CF7FD8AD48}.Debug|arm64.Build.0 = Debug|Any CPU
		{02AEC674-0F79-4C8F-A2E8-A5CF7FD8AD48}.Debug|x64.ActiveCfg = Debug|Any CPU
		{02AEC674-0F79-4C8F-A2E8-A5CF7FD8AD48}.Debug|x64.Build.0 = Debug|Any CPU
		{02AEC674-0F79-4C8F-A2E8-A5CF7FD8AD48}.Debug|x86.ActiveCfg = Debug|Any CPU
		{02AEC674-0F79-4C8F-A2E8-A5CF7FD8AD48}.Debug|x86.Build.0 = Debug|Any CPU
		{02AEC674-0F79-4C8F-A2E8-A5CF7FD8AD48}.Release|Any CPU.ActiveCfg = Release|Any CPU
		{02AEC674-0F79-4C8F-A2E8-A5CF7FD8AD48}.Release|Any CPU.Build.0 = Release|Any CPU
		{02AEC674-0F79-4C8F-A2E8-A5CF7FD8AD48}.Release|arm64.ActiveCfg = Release|Any CPU
		{02AEC674-0F79-4C8F-A2E8-A5CF7FD8AD48}.Release|arm64.Build.0 = Release|Any CPU
		{02AEC674-0F79-4C8F-A2E8-A5CF7FD8AD48}.Release|x64.ActiveCfg = Release|Any CPU
		{02AEC674-0F79-4C8F-A2E8-A5CF7FD8AD48}.Release|x64.Build.0 = Release|Any CPU
		{02AEC674-0F79-4C8F-A2E8-A5CF7FD8AD48}.Release|x86.ActiveCfg = Release|Any CPU
		{02AEC674-0F79-4C8F-A2E8-A5CF7FD8AD48}.Release|x86.Build.0 = Release|Any CPU
		{1662E8A7-4E21-4DF5-B13B-F1F1964DE8AB}.Debug|Any CPU.ActiveCfg = Debug|Any CPU
		{1662E8A7-4E21-4DF5-B13B-F1F1964DE8AB}.Debug|Any CPU.Build.0 = Debug|Any CPU
		{1662E8A7-4E21-4DF5-B13B-F1F1964DE8AB}.Debug|arm64.ActiveCfg = Debug|Any CPU
		{1662E8A7-4E21-4DF5-B13B-F1F1964DE8AB}.Debug|arm64.Build.0 = Debug|Any CPU
		{1662E8A7-4E21-4DF5-B13B-F1F1964DE8AB}.Debug|x64.ActiveCfg = Debug|Any CPU
		{1662E8A7-4E21-4DF5-B13B-F1F1964DE8AB}.Debug|x64.Build.0 = Debug|Any CPU
		{1662E8A7-4E21-4DF5-B13B-F1F1964DE8AB}.Debug|x86.ActiveCfg = Debug|Any CPU
		{1662E8A7-4E21-4DF5-B13B-F1F1964DE8AB}.Debug|x86.Build.0 = Debug|Any CPU
		{1662E8A7-4E21-4DF5-B13B-F1F1964DE8AB}.Release|Any CPU.ActiveCfg = Release|Any CPU
		{1662E8A7-4E21-4DF5-B13B-F1F1964DE8AB}.Release|Any CPU.Build.0 = Release|Any CPU
		{1662E8A7-4E21-4DF5-B13B-F1F1964DE8AB}.Release|arm64.ActiveCfg = Release|Any CPU
		{1662E8A7-4E21-4DF5-B13B-F1F1964DE8AB}.Release|arm64.Build.0 = Release|Any CPU
		{1662E8A7-4E21-4DF5-B13B-F1F1964DE8AB}.Release|x64.ActiveCfg = Release|Any CPU
		{1662E8A7-4E21-4DF5-B13B-F1F1964DE8AB}.Release|x64.Build.0 = Release|Any CPU
		{1662E8A7-4E21-4DF5-B13B-F1F1964DE8AB}.Release|x86.ActiveCfg = Release|Any CPU
		{1662E8A7-4E21-4DF5-B13B-F1F1964DE8AB}.Release|x86.Build.0 = Release|Any CPU
	EndGlobalSection
	GlobalSection(SolutionProperties) = preSolution
		HideSolutionNode = FALSE
	EndGlobalSection
	GlobalSection(NestedProjects) = preSolution
		{73818BC5-E9ED-422D-AF72-DA30C83927E7} = {F6F36C4F-3199-4790-9EE1-3D74D3DCC1FD}
		{CDA0FA2D-8A04-45CD-8C4F-C8871F3C912F} = {F6F36C4F-3199-4790-9EE1-3D74D3DCC1FD}
		{5E231022-A449-495C-917A-073FF9578FB5} = {F6F36C4F-3199-4790-9EE1-3D74D3DCC1FD}
		{771370BE-334C-4FF3-8370-134CF348949F} = {F6F36C4F-3199-4790-9EE1-3D74D3DCC1FD}
		{B68B5461-653A-41D9-9FDE-999F54B342A1} = {F6F36C4F-3199-4790-9EE1-3D74D3DCC1FD}
		{831FCA62-2F59-4BC1-AAE4-936740F68EB6} = {F6F36C4F-3199-4790-9EE1-3D74D3DCC1FD}
		{BD83BBA8-8EAD-42BE-8E90-B2AE10403E0D} = {D6BF0F1F-36C2-4282-8541-08854CD0E53A}
		{E19CA44F-CDD5-4B5E-89DA-2E1D24B32A82} = {F6F36C4F-3199-4790-9EE1-3D74D3DCC1FD}
		{A66025F0-D11B-49ED-A90C-86581C9C8D75} = {F6F36C4F-3199-4790-9EE1-3D74D3DCC1FD}
		{632A5430-3B88-488F-A7A5-3E5AB2711BCF} = {6AEE80FA-A273-4361-8A4F-CD0AF3A6AD5F}
		{6ED42442-C3B6-455A-A1D1-1FE81E76320B} = {A8089082-E2E2-473E-BE3D-5EF6043C7210}
		{2C11CD97-245B-4887-AC77-C81248720BAF} = {F6F36C4F-3199-4790-9EE1-3D74D3DCC1FD}
		{95B841FD-4E4B-473B-8B59-2B0268D55612} = {6AEE80FA-A273-4361-8A4F-CD0AF3A6AD5F}
		{02AEC674-0F79-4C8F-A2E8-A5CF7FD8AD48} = {F6F36C4F-3199-4790-9EE1-3D74D3DCC1FD}
		{1662E8A7-4E21-4DF5-B13B-F1F1964DE8AB} = {F6F36C4F-3199-4790-9EE1-3D74D3DCC1FD}
	EndGlobalSection
	GlobalSection(ExtensibilityGlobals) = postSolution
		SolutionGuid = {E838D54E-7F9D-446F-9651-F3AF09A8EC84}
	EndGlobalSection
EndGlobal
